// !$*UTF8*$!
{
	archiveVersion = 1;
	classes = {
	};
	objectVersion = 48;
	objects = {

/* Begin PBXBuildFile section */
		12A7B1FC1F77A0FC005D5199 /* AppDelegate.swift in Sources */ = {isa = PBXBuildFile; fileRef = 12A7B1FB1F77A0FC005D5199 /* AppDelegate.swift */; };
		12A7B1FE1F77A0FC005D5199 /* ViewController.swift in Sources */ = {isa = PBXBuildFile; fileRef = 12A7B1FD1F77A0FC005D5199 /* ViewController.swift */; };
		12A7B2011F77A0FC005D5199 /* Main.storyboard in Resources */ = {isa = PBXBuildFile; fileRef = 12A7B1FF1F77A0FC005D5199 /* Main.storyboard */; };
		12A7B2041F77A0FC005D5199 /* Animals.xcdatamodeld in Sources */ = {isa = PBXBuildFile; fileRef = 12A7B2021F77A0FC005D5199 /* Animals.xcdatamodeld */; };
		12A7B2061F77A0FC005D5199 /* Assets.xcassets in Resources */ = {isa = PBXBuildFile; fileRef = 12A7B2051F77A0FC005D5199 /* Assets.xcassets */; };
		12A7B2091F77A0FC005D5199 /* LaunchScreen.storyboard in Resources */ = {isa = PBXBuildFile; fileRef = 12A7B2071F77A0FC005D5199 /* LaunchScreen.storyboard */; };
		12A7B2141F77A0FC005D5199 /* StorageTest.swift in Sources */ = {isa = PBXBuildFile; fileRef = 12A7B2131F77A0FC005D5199 /* StorageTest.swift */; };
		12A7B21F1F77D07F005D5199 /* Storage.swift in Sources */ = {isa = PBXBuildFile; fileRef = 12A7B21E1F77D07F005D5199 /* Storage.swift */; };
		12A7B2221F77D52A005D5199 /* Animals.xcdatamodeld in Sources */ = {isa = PBXBuildFile; fileRef = 12A7B2021F77A0FC005D5199 /* Animals.xcdatamodeld */; };
/* End PBXBuildFile section */

/* Begin PBXContainerItemProxy section */
		12A7B2101F77A0FC005D5199 /* PBXContainerItemProxy */ = {
			isa = PBXContainerItemProxy;
			containerPortal = 12A7B1F01F77A0FC005D5199 /* Project object */;
			proxyType = 1;
			remoteGlobalIDString = 12A7B1F71F77A0FC005D5199;
			remoteInfo = Animals;
		};
/* End PBXContainerItemProxy section */

/* Begin PBXFileReference section */
		12A7B1F81F77A0FC005D5199 /* Animals.app */ = {isa = PBXFileReference; explicitFileType = wrapper.application; includeInIndex = 0; path = Animals.app; sourceTree = BUILT_PRODUCTS_DIR; };
		12A7B1FB1F77A0FC005D5199 /* AppDelegate.swift */ = {isa = PBXFileReference; lastKnownFileType = sourcecode.swift; path = AppDelegate.swift; sourceTree = "<group>"; };
		12A7B1FD1F77A0FC005D5199 /* ViewController.swift */ = {isa = PBXFileReference; lastKnownFileType = sourcecode.swift; path = ViewController.swift; sourceTree = "<group>"; };
		12A7B2001F77A0FC005D5199 /* Base */ = {isa = PBXFileReference; lastKnownFileType = file.storyboard; name = Base; path = Base.lproj/Main.storyboard; sourceTree = "<group>"; };
		12A7B2031F77A0FC005D5199 /* Animals.xcdatamodel */ = {isa = PBXFileReference; lastKnownFileType = wrapper.xcdatamodel; path = Animals.xcdatamodel; sourceTree = "<group>"; };
		12A7B2051F77A0FC005D5199 /* Assets.xcassets */ = {isa = PBXFileReference; lastKnownFileType = folder.assetcatalog; path = Assets.xcassets; sourceTree = "<group>"; };
		12A7B2081F77A0FC005D5199 /* Base */ = {isa = PBXFileReference; lastKnownFileType = file.storyboard; name = Base; path = Base.lproj/LaunchScreen.storyboard; sourceTree = "<group>"; };
		12A7B20A1F77A0FC005D5199 /* Info.plist */ = {isa = PBXFileReference; lastKnownFileType = text.plist.xml; path = Info.plist; sourceTree = "<group>"; };
		12A7B20F1F77A0FC005D5199 /* AnimalsTests.xctest */ = {isa = PBXFileReference; explicitFileType = wrapper.cfbundle; includeInIndex = 0; path = AnimalsTests.xctest; sourceTree = BUILT_PRODUCTS_DIR; };
		12A7B2131F77A0FC005D5199 /* StorageTest.swift */ = {isa = PBXFileReference; lastKnownFileType = sourcecode.swift; path = StorageTest.swift; sourceTree = "<group>"; };
		12A7B2151F77A0FC005D5199 /* Info.plist */ = {isa = PBXFileReference; lastKnownFileType = text.plist.xml; path = Info.plist; sourceTree = "<group>"; };
		12A7B21E1F77D07F005D5199 /* Storage.swift */ = {isa = PBXFileReference; lastKnownFileType = sourcecode.swift; path = Storage.swift; sourceTree = "<group>"; };
/* End PBXFileReference section */

/* Begin PBXFrameworksBuildPhase section */
		12A7B1F51F77A0FC005D5199 /* Frameworks */ = {
			isa = PBXFrameworksBuildPhase;
			buildActionMask = 2147483647;
			files = (
			);
			runOnlyForDeploymentPostprocessing = 0;
		};
		12A7B20C1F77A0FC005D5199 /* Frameworks */ = {
			isa = PBXFrameworksBuildPhase;
			buildActionMask = 2147483647;
			files = (
			);
			runOnlyForDeploymentPostprocessing = 0;
		};
/* End PBXFrameworksBuildPhase section */

/* Begin PBXGroup section */
		12A7B1EF1F77A0FC005D5199 = {
			isa = PBXGroup;
			children = (
				12A7B1FA1F77A0FC005D5199 /* Animals */,
				12A7B2121F77A0FC005D5199 /* AnimalsTests */,
				12A7B1F91F77A0FC005D5199 /* Products */,
			);
			sourceTree = "<group>";
		};
		12A7B1F91F77A0FC005D5199 /* Products */ = {
			isa = PBXGroup;
			children = (
				12A7B1F81F77A0FC005D5199 /* Animals.app */,
				12A7B20F1F77A0FC005D5199 /* AnimalsTests.xctest */,
			);
			name = Products;
			sourceTree = "<group>";
		};
		12A7B1FA1F77A0FC005D5199 /* Animals */ = {
			isa = PBXGroup;
			children = (
				12A7B1FB1F77A0FC005D5199 /* AppDelegate.swift */,
				12A7B21E1F77D07F005D5199 /* Storage.swift */,
				12A7B1FD1F77A0FC005D5199 /* ViewController.swift */,
				12A7B1FF1F77A0FC005D5199 /* Main.storyboard */,
				12A7B2051F77A0FC005D5199 /* Assets.xcassets */,
				12A7B2071F77A0FC005D5199 /* LaunchScreen.storyboard */,
				12A7B20A1F77A0FC005D5199 /* Info.plist */,
				12A7B2021F77A0FC005D5199 /* Animals.xcdatamodeld */,
			);
			path = Animals;
			sourceTree = "<group>";
		};
		12A7B2121F77A0FC005D5199 /* AnimalsTests */ = {
			isa = PBXGroup;
			children = (
				12A7B2131F77A0FC005D5199 /* StorageTest.swift */,
				12A7B2151F77A0FC005D5199 /* Info.plist */,
			);
			path = AnimalsTests;
			sourceTree = "<group>";
		};
/* End PBXGroup section */

/* Begin PBXNativeTarget section */
		12A7B1F71F77A0FC005D5199 /* Animals */ = {
			isa = PBXNativeTarget;
			buildConfigurationList = 12A7B2181F77A0FC005D5199 /* Build configuration list for PBXNativeTarget "Animals" */;
			buildPhases = (
				12A7B1F41F77A0FC005D5199 /* Sources */,
				12A7B1F51F77A0FC005D5199 /* Frameworks */,
				12A7B1F61F77A0FC005D5199 /* Resources */,
			);
			buildRules = (
			);
			dependencies = (
			);
			name = Animals;
			productName = Animals;
			productReference = 12A7B1F81F77A0FC005D5199 /* Animals.app */;
			productType = "com.apple.product-type.application";
		};
		12A7B20E1F77A0FC005D5199 /* AnimalsTests */ = {
			isa = PBXNativeTarget;
			buildConfigurationList = 12A7B21B1F77A0FC005D5199 /* Build configuration list for PBXNativeTarget "AnimalsTests" */;
			buildPhases = (
				12A7B20B1F77A0FC005D5199 /* Sources */,
				12A7B20C1F77A0FC005D5199 /* Frameworks */,
				12A7B20D1F77A0FC005D5199 /* Resources */,
			);
			buildRules = (
			);
			dependencies = (
				12A7B2111F77A0FC005D5199 /* PBXTargetDependency */,
			);
			name = AnimalsTests;
			productName = AnimalsTests;
			productReference = 12A7B20F1F77A0FC005D5199 /* AnimalsTests.xctest */;
			productType = "com.apple.product-type.bundle.unit-test";
		};
/* End PBXNativeTarget section */

/* Begin PBXProject section */
		12A7B1F01F77A0FC005D5199 /* Project object */ = {
			isa = PBXProject;
			attributes = {
				LastSwiftUpdateCheck = 0900;
				LastUpgradeCheck = 0900;
				ORGANIZATIONNAME = Crystalnix;
				TargetAttributes = {
					12A7B1F71F77A0FC005D5199 = {
						CreatedOnToolsVersion = 9.0;
						ProvisioningStyle = Automatic;
					};
					12A7B20E1F77A0FC005D5199 = {
						CreatedOnToolsVersion = 9.0;
						ProvisioningStyle = Automatic;
						TestTargetID = 12A7B1F71F77A0FC005D5199;
					};
				};
			};
			buildConfigurationList = 12A7B1F31F77A0FC005D5199 /* Build configuration list for PBXProject "Animals" */;
			compatibilityVersion = "Xcode 8.0";
			developmentRegion = en;
			hasScannedForEncodings = 0;
			knownRegions = (
				en,
				Base,
			);
			mainGroup = 12A7B1EF1F77A0FC005D5199;
			productRefGroup = 12A7B1F91F77A0FC005D5199 /* Products */;
			projectDirPath = "";
			projectRoot = "";
			targets = (
				12A7B1F71F77A0FC005D5199 /* Animals */,
				12A7B20E1F77A0FC005D5199 /* AnimalsTests */,
			);
		};
/* End PBXProject section */

/* Begin PBXResourcesBuildPhase section */
		12A7B1F61F77A0FC005D5199 /* Resources */ = {
			isa = PBXResourcesBuildPhase;
			buildActionMask = 2147483647;
			files = (
				12A7B2091F77A0FC005D5199 /* LaunchScreen.storyboard in Resources */,
				12A7B2061F77A0FC005D5199 /* Assets.xcassets in Resources */,
				12A7B2011F77A0FC005D5199 /* Main.storyboard in Resources */,
			);
			runOnlyForDeploymentPostprocessing = 0;
		};
		12A7B20D1F77A0FC005D5199 /* Resources */ = {
			isa = PBXResourcesBuildPhase;
			buildActionMask = 2147483647;
			files = (
			);
			runOnlyForDeploymentPostprocessing = 0;
		};
/* End PBXResourcesBuildPhase section */

/* Begin PBXSourcesBuildPhase section */
		12A7B1F41F77A0FC005D5199 /* Sources */ = {
			isa = PBXSourcesBuildPhase;
			buildActionMask = 2147483647;
			files = (
				12A7B2041F77A0FC005D5199 /* Animals.xcdatamodeld in Sources */,
				12A7B21F1F77D07F005D5199 /* Storage.swift in Sources */,
				12A7B1FE1F77A0FC005D5199 /* ViewController.swift in Sources */,
				12A7B1FC1F77A0FC005D5199 /* AppDelegate.swift in Sources */,
			);
			runOnlyForDeploymentPostprocessing = 0;
		};
		12A7B20B1F77A0FC005D5199 /* Sources */ = {
			isa = PBXSourcesBuildPhase;
			buildActionMask = 2147483647;
			files = (
				12A7B2141F77A0FC005D5199 /* StorageTest.swift in Sources */,
				12A7B2221F77D52A005D5199 /* Animals.xcdatamodeld in Sources */,
			);
			runOnlyForDeploymentPostprocessing = 0;
		};
/* End PBXSourcesBuildPhase section */

/* Begin PBXTargetDependency section */
		12A7B2111F77A0FC005D5199 /* PBXTargetDependency */ = {
			isa = PBXTargetDependency;
			target = 12A7B1F71F77A0FC005D5199 /* Animals */;
			targetProxy = 12A7B2101F77A0FC005D5199 /* PBXContainerItemProxy */;
		};
/* End PBXTargetDependency section */

/* Begin PBXVariantGroup section */
		12A7B1FF1F77A0FC005D5199 /* Main.storyboard */ = {
			isa = PBXVariantGroup;
			children = (
				12A7B2001F77A0FC005D5199 /* Base */,
			);
			name = Main.storyboard;
			sourceTree = "<group>";
		};
		12A7B2071F77A0FC005D5199 /* LaunchScreen.storyboard */ = {
			isa = PBXVariantGroup;
			children = (
				12A7B2081F77A0FC005D5199 /* Base */,
			);
			name = LaunchScreen.storyboard;
			sourceTree = "<group>";
		};
/* End PBXVariantGroup section */

/* Begin XCBuildConfiguration section */
		12A7B2161F77A0FC005D5199 /* Debug */ = {
			isa = XCBuildConfiguration;
			buildSettings = {
				ALWAYS_SEARCH_USER_PATHS = NO;
				CLANG_ANALYZER_NONNULL = YES;
				CLANG_ANALYZER_NUMBER_OBJECT_CONVERSION = YES_AGGRESSIVE;
				CLANG_CXX_LANGUAGE_STANDARD = "gnu++14";
				CLANG_CXX_LIBRARY = "libc++";
				CLANG_ENABLE_MODULES = YES;
				CLANG_ENABLE_OBJC_ARC = YES;
				CLANG_WARN_BLOCK_CAPTURE_AUTORELEASING = YES;
				CLANG_WARN_BOOL_CONVERSION = YES;
				CLANG_WARN_COMMA = YES;
				CLANG_WARN_CONSTANT_CONVERSION = YES;
				CLANG_WARN_DIRECT_OBJC_ISA_USAGE = YES_ERROR;
				CLANG_WARN_DOCUMENTATION_COMMENTS = YES;
				CLANG_WARN_EMPTY_BODY = YES;
				CLANG_WARN_ENUM_CONVERSION = YES;
				CLANG_WARN_INFINITE_RECURSION = YES;
				CLANG_WARN_INT_CONVERSION = YES;
				CLANG_WARN_NON_LITERAL_NULL_CONVERSION = YES;
				CLANG_WARN_OBJC_LITERAL_CONVERSION = YES;
				CLANG_WARN_OBJC_ROOT_CLASS = YES_ERROR;
				CLANG_WARN_RANGE_LOOP_ANALYSIS = YES;
				CLANG_WARN_STRICT_PROTOTYPES = YES;
				CLANG_WARN_SUSPICIOUS_MOVE = YES;
				CLANG_WARN_UNGUARDED_AVAILABILITY = YES_AGGRESSIVE;
				CLANG_WARN_UNREACHABLE_CODE = YES;
				CLANG_WARN__DUPLICATE_METHOD_MATCH = YES;
				CODE_SIGN_IDENTITY = "iPhone Developer";
				COPY_PHASE_STRIP = NO;
				DEBUG_INFORMATION_FORMAT = dwarf;
				ENABLE_STRICT_OBJC_MSGSEND = YES;
				ENABLE_TESTABILITY = YES;
				GCC_C_LANGUAGE_STANDARD = gnu11;
				GCC_DYNAMIC_NO_PIC = NO;
				GCC_NO_COMMON_BLOCKS = YES;
				GCC_OPTIMIZATION_LEVEL = 0;
				GCC_PREPROCESSOR_DEFINITIONS = (
					"DEBUG=1",
					"$(inherited)",
				);
				GCC_WARN_64_TO_32_BIT_CONVERSION = YES;
				GCC_WARN_ABOUT_RETURN_TYPE = YES_ERROR;
				GCC_WARN_UNDECLARED_SELECTOR = YES;
				GCC_WARN_UNINITIALIZED_AUTOS = YES_AGGRESSIVE;
				GCC_WARN_UNUSED_FUNCTION = YES;
				GCC_WARN_UNUSED_VARIABLE = YES;
				IPHONEOS_DEPLOYMENT_TARGET = 11.0;
				MTL_ENABLE_DEBUG_INFO = YES;
				ONLY_ACTIVE_ARCH = YES;
				SDKROOT = iphoneos;
				SWIFT_ACTIVE_COMPILATION_CONDITIONS = DEBUG;
				SWIFT_OPTIMIZATION_LEVEL = "-Onone";
			};
			name = Debug;
		};
		12A7B2171F77A0FC005D5199 /* Release */ = {
			isa = XCBuildConfiguration;
			buildSettings = {
				ALWAYS_SEARCH_USER_PATHS = NO;
				CLANG_ANALYZER_NONNULL = YES;
				CLANG_ANALYZER_NUMBER_OBJECT_CONVERSION = YES_AGGRESSIVE;
				CLANG_CXX_LANGUAGE_STANDARD = "gnu++14";
				CLANG_CXX_LIBRARY = "libc++";
				CLANG_ENABLE_MODULES = YES;
				CLANG_ENABLE_OBJC_ARC = YES;
				CLANG_WARN_BLOCK_CAPTURE_AUTORELEASING = YES;
				CLANG_WARN_BOOL_CONVERSION = YES;
				CLANG_WARN_COMMA = YES;
				CLANG_WARN_CONSTANT_CONVERSION = YES;
				CLANG_WARN_DIRECT_OBJC_ISA_USAGE = YES_ERROR;
				CLANG_WARN_DOCUMENTATION_COMMENTS = YES;
				CLANG_WARN_EMPTY_BODY = YES;
				CLANG_WARN_ENUM_CONVERSION = YES;
				CLANG_WARN_INFINITE_RECURSION = YES;
				CLANG_WARN_INT_CONVERSION = YES;
				CLANG_WARN_NON_LITERAL_NULL_CONVERSION = YES;
				CLANG_WARN_OBJC_LITERAL_CONVERSION = YES;
				CLANG_WARN_OBJC_ROOT_CLASS = YES_ERROR;
				CLANG_WARN_RANGE_LOOP_ANALYSIS = YES;
				CLANG_WARN_STRICT_PROTOTYPES = YES;
				CLANG_WARN_SUSPICIOUS_MOVE = YES;
				CLANG_WARN_UNGUARDED_AVAILABILITY = YES_AGGRESSIVE;
				CLANG_WARN_UNREACHABLE_CODE = YES;
				CLANG_WARN__DUPLICATE_METHOD_MATCH = YES;
				CODE_SIGN_IDENTITY = "iPhone Developer";
				COPY_PHASE_STRIP = NO;
				DEBUG_INFORMATION_FORMAT = "dwarf-with-dsym";
				ENABLE_NS_ASSERTIONS = NO;
				ENABLE_STRICT_OBJC_MSGSEND = YES;
				GCC_C_LANGUAGE_STANDARD = gnu11;
				GCC_NO_COMMON_BLOCKS = YES;
				GCC_WARN_64_TO_32_BIT_CONVERSION = YES;
				GCC_WARN_ABOUT_RETURN_TYPE = YES_ERROR;
				GCC_WARN_UNDECLARED_SELECTOR = YES;
				GCC_WARN_UNINITIALIZED_AUTOS = YES_AGGRESSIVE;
				GCC_WARN_UNUSED_FUNCTION = YES;
				GCC_WARN_UNUSED_VARIABLE = YES;
				IPHONEOS_DEPLOYMENT_TARGET = 11.0;
				MTL_ENABLE_DEBUG_INFO = NO;
				SDKROOT = iphoneos;
				SWIFT_OPTIMIZATION_LEVEL = "-Owholemodule";
				VALIDATE_PRODUCT = YES;
			};
			name = Release;
		};
		12A7B2191F77A0FC005D5199 /* Debug */ = {
			isa = XCBuildConfiguration;
			buildSettings = {
				ASSETCATALOG_COMPILER_APPICON_NAME = AppIcon;
				CODE_SIGN_STYLE = Automatic;
				DEVELOPMENT_TEAM = 9K623E66Q6;
				INFOPLIST_FILE = Animals/Info.plist;
				LD_RUNPATH_SEARCH_PATHS = "$(inherited) @executable_path/Frameworks";
				PRODUCT_BUNDLE_IDENTIFIER = com.example.eoskin.Animals;
				PRODUCT_NAME = "$(TARGET_NAME)";
				SWIFT_VERSION = 4.0;
				TARGETED_DEVICE_FAMILY = "1,2";
			};
			name = Debug;
		};
		12A7B21A1F77A0FC005D5199 /* Release */ = {
			isa = XCBuildConfiguration;
			buildSettings = {
				ASSETCATALOG_COMPILER_APPICON_NAME = AppIcon;
				CODE_SIGN_STYLE = Automatic;
				DEVELOPMENT_TEAM = 9K623E66Q6;
				INFOPLIST_FILE = Animals/Info.plist;
				LD_RUNPATH_SEARCH_PATHS = "$(inherited) @executable_path/Frameworks";
				PRODUCT_BUNDLE_IDENTIFIER = com.example.eoskin.Animals;
				PRODUCT_NAME = "$(TARGET_NAME)";
				SWIFT_VERSION = 4.0;
				TARGETED_DEVICE_FAMILY = "1,2";
			};
			name = Release;
		};
		12A7B21C1F77A0FC005D5199 /* Debug */ = {
			isa = XCBuildConfiguration;
			buildSettings = {
				ALWAYS_EMBED_SWIFT_STANDARD_LIBRARIES = YES;
				BUNDLE_LOADER = "$(TEST_HOST)";
				CODE_SIGN_STYLE = Automatic;
				DEVELOPMENT_TEAM = 9K623E66Q6;
				INFOPLIST_FILE = AnimalsTests/Info.plist;
				LD_RUNPATH_SEARCH_PATHS = "$(inherited) @executable_path/Frameworks @loader_path/Frameworks";
				PRODUCT_BUNDLE_IDENTIFIER = com.example.eoskin.AnimalsTests;
				PRODUCT_NAME = "$(TARGET_NAME)";
				SWIFT_VERSION = 4.0;
				TARGETED_DEVICE_FAMILY = "1,2";
				TEST_HOST = "$(BUILT_PRODUCTS_DIR)/Animals.app/Animals";
			};
			name = Debug;
		};
		12A7B21D1F77A0FC005D5199 /* Release */ = {
			isa = XCBuildConfiguration;
			buildSettings = {
				ALWAYS_EMBED_SWIFT_STANDARD_LIBRARIES = YES;
				BUNDLE_LOADER = "$(TEST_HOST)";
				CODE_SIGN_STYLE = Automatic;
				DEVELOPMENT_TEAM = 9K623E66Q6;
				INFOPLIST_FILE = AnimalsTests/Info.plist;
				LD_RUNPATH_SEARCH_PATHS = "$(inherited) @executable_path/Frameworks @loader_path/Frameworks";
				PRODUCT_BUNDLE_IDENTIFIER = com.example.eoskin.AnimalsTests;
				PRODUCT_NAME = "$(TARGET_NAME)";
				SWIFT_VERSION = 4.0;
				TARGETED_DEVICE_FAMILY = "1,2";
				TEST_HOST = "$(BUILT_PRODUCTS_DIR)/Animals.app/Animals";
			};
			name = Release;
		};
/* End XCBuildConfiguration section */

/* Begin XCConfigurationList section */
		12A7B1F31F77A0FC005D5199 /* Build configuration list for PBXProject "Animals" */ = {
			isa = XCConfigurationList;
			buildConfigurations = (
				12A7B2161F77A0FC005D5199 /* Debug */,
				12A7B2171F77A0FC005D5199 /* Release */,
			);
			defaultConfigurationIsVisible = 0;
			defaultConfigurationName = Release;
		};
		12A7B2181F77A0FC005D5199 /* Build configuration list for PBXNativeTarget "Animals" */ = {
			isa = XCConfigurationList;
			buildConfigurations = (
				12A7B2191F77A0FC005D5199 /* Debug */,
				12A7B21A1F77A0FC005D5199 /* Release */,
			);
			defaultConfigurationIsVisible = 0;
			defaultConfigurationName = Release;
		};
		12A7B21B1F77A0FC005D5199 /* Build configuration list for PBXNativeTarget "AnimalsTests" */ = {
			isa = XCConfigurationList;
			buildConfigurations = (
				12A7B21C1F77A0FC005D5199 /* Debug */,
				12A7B21D1F77A0FC005D5199 /* Release */,
			);
			defaultConfigurationIsVisible = 0;
			defaultConfigurationName = Release;
		};
/* End XCConfigurationList section */

/* Begin XCVersionGroup section */
		12A7B2021F77A0FC005D5199 /* Animals.xcdatamodeld */ = {
			isa = XCVersionGroup;
			children = (
				12A7B2031F77A0FC005D5199 /* Animals.xcdatamodel */,
			);
			currentVersion = 12A7B2031F77A0FC005D5199 /* Animals.xcdatamodel */;
			path = Animals.xcdatamodeld;
			sourceTree = "<group>";
			versionGroupType = wrapper.xcdatamodel;
		};
/* End XCVersionGroup section */
	};
	rootObject = 12A7B1F01F77A0FC005D5199 /* Project object */;
}
